
Microsoft Visual Studio Solution File, Format Version 12.00
# Visual Studio 14
VisualStudioVersion = 14.0.25123.0
MinimumVisualStudioVersion = 10.0.40219.1
Project("{FAE04EC0-301F-11D3-BF4B-00C04F79EFBC}") = "ConsoleApplication29", "ConsoleApplication29\ConsoleApplication29.csproj", "{4999DE60-F7A0-4F4E-B139-721BD3261D1B}"
EndProject
Global
	GlobalSection(SolutionConfigurationPlatforms) = preSolution
		Debug|Any CPU = Debug|Any CPU
		Release|Any CPU = Release|Any CPU
	EndGlobalSection
	GlobalSection(ProjectConfigurationPlatforms) = postSolution
		{4999DE60-F7A0-4F4E-B139-721BD3261D1B}.Debug|Any CPU.ActiveCfg = Debug|Any CPU
		{4999DE60-F7A0-4F4E-B139-721BD3261D1B}.Debug|Any CPU.Build.0 = Debug|Any CPU
		{4999DE60-F7A0-4F4E-B139-721BD3261D1B}.Release|Any CPU.ActiveCfg = Release|Any CPU
		{4999DE60-F7A0-4F4E-B139-721BD3261D1B}.Release|Any CPU.Build.0 = Release|Any CPU
	EndGlobalSection
	GlobalSection(SolutionProperties) = preSolution
		HideSolutionNode = FALSE
	EndGlobalSection
EndGlobal
